PODS:
  - SwiftPriorityQueue (1.3.1)

DEPENDENCIES:
  - SwiftPriorityQueue

SPEC REPOS:
  https://github.com/CocoaPods/Specs.git:
    - SwiftPriorityQueue

SPEC CHECKSUMS:
  SwiftPriorityQueue: e91ce015fb887a39335c300253b98b727900bc97

PODFILE CHECKSUM: c0ccf65eba16c5084eb448a42ea877834dd0a6cc

COCOAPODS: 1.11.3
